schema: '2.0'
stages:
  data_ingestion:
    cmd: python src/data/data_ingestion.py
    deps:
    - path: src/data/data_ingestion.py
      hash: md5
      md5: 693c1f0a788cce7a6b6d2d3fb1ffe07c
      size: 2757
    outs:
    - path: data/raw
      hash: md5
      md5: 200510bd8e6b85fc64fc3c0836e8b2d5.dir
      size: 14771833
      nfiles: 1
  data_preprocessing:
    cmd: python src/data/data_preprocessing.py
    deps:
    - path: data/raw
      hash: md5
      md5: 200510bd8e6b85fc64fc3c0836e8b2d5.dir
      size: 14771833
      nfiles: 1
    - path: src/data/data_preprocessing.py
      hash: md5
      md5: 1af53ec1c93749bd39fc37a965929b1b
      size: 3896
    outs:
    - path: data/processed
      hash: md5
      md5: 5326a16db09d3af264a95a449a9c109d.dir
      size: 11443349
      nfiles: 1
