schema: '2.0'
stages:
  data_ingestion:
    cmd: python src/data/data_ingestion.py
    deps:
    - path: src/data/data_ingestion.py
      hash: md5
      md5: 693c1f0a788cce7a6b6d2d3fb1ffe07c
      size: 2757
    outs:
    - path: data/raw
      hash: md5
      md5: 200510bd8e6b85fc64fc3c0836e8b2d5.dir
      size: 14771833
      nfiles: 1
  data_preprocessing:
    cmd: python src/data/data_preprocessing.py
    deps:
    - path: data/raw
      hash: md5
      md5: 200510bd8e6b85fc64fc3c0836e8b2d5.dir
      size: 14771833
      nfiles: 1
    - path: src/data/data_preprocessing.py
      hash: md5
      md5: 15881edd65eda60f2069bd18e77cec65
      size: 3949
    outs:
    - path: data/processed
      hash: md5
      md5: 5326a16db09d3af264a95a449a9c109d.dir
      size: 11443349
      nfiles: 1
  feature_engineering:
    cmd: python src/features/feature_engineering.py
    deps:
    - path: data/processed
      hash: md5
      md5: 5326a16db09d3af264a95a449a9c109d.dir
      size: 11443349
      nfiles: 1
    - path: src/features/feature_engineering.py
      hash: md5
      md5: 22b2772c66da11791c8aa02337bdac45
      size: 5363
    outs:
    - path: data/interim
      hash: md5
      md5: 9e2b28e89406a93677b287c48725c49e.dir
      size: 14506824
      nfiles: 4
    - path: models/vectorizer
      hash: md5
      md5: 296bc4e1c9fae231ea30834c388cee43.dir
      size: 329896
      nfiles: 1
  model_training:
    cmd: python src/models/model_training.py
    deps:
    - path: data/interim
      hash: md5
      md5: 9e2b28e89406a93677b287c48725c49e.dir
      size: 14506824
      nfiles: 4
    - path: src/models/model_training.py
      hash: md5
      md5: de7d52a89c5d25574c8f86eef829e80c
      size: 5209
    outs:
    - path: models/model
      hash: md5
      md5: d3efbfaf7e64b6d4900da142ffd4387e.dir
      size: 4505300
      nfiles: 1
